// !$*UTF8*$!
{
	archiveVersion = 1;
	classes = {
	};
	objectVersion = 56;
	objects = {

/* Begin PBXBuildFile section */
		587CB2392A728CDF00B04A99 /* AppDelegate.m in Sources */ = {isa = PBXBuildFile; fileRef = 587CB2382A728CDF00B04A99 /* AppDelegate.m */; };
		587CB23C2A728CDF00B04A99 /* SceneDelegate.m in Sources */ = {isa = PBXBuildFile; fileRef = 587CB23B2A728CDF00B04A99 /* SceneDelegate.m */; };
		587CB23F2A728CDF00B04A99 /* ViewController.m in Sources */ = {isa = PBXBuildFile; fileRef = 587CB23E2A728CDF00B04A99 /* ViewController.m */; };
		587CB2422A728CDF00B04A99 /* Main.storyboard in Resources */ = {isa = PBXBuildFile; fileRef = 587CB2402A728CDF00B04A99 /* Main.storyboard */; };
		587CB2442A728CE100B04A99 /* Assets.xcassets in Resources */ = {isa = PBXBuildFile; fileRef = 587CB2432A728CE100B04A99 /* Assets.xcassets */; };
		587CB2472A728CE100B04A99 /* LaunchScreen.storyboard in Resources */ = {isa = PBXBuildFile; fileRef = 587CB2452A728CE100B04A99 /* LaunchScreen.storyboard */; };
		587CB24A2A728CE100B04A99 /* main.m in Sources */ = {isa = PBXBuildFile; fileRef = 587CB2492A728CE100B04A99 /* main.m */; };
		587CB2542A728CE100B04A99 /* ___KVOTests.m in Sources */ = {isa = PBXBuildFile; fileRef = 587CB2532A728CE100B04A99 /* ___KVOTests.m */; };
		587CB25E2A728CE100B04A99 /* ___KVOUITests.m in Sources */ = {isa = PBXBuildFile; fileRef = 587CB25D2A728CE100B04A99 /* ___KVOUITests.m */; };
		587CB2602A728CE100B04A99 /* ___KVOUITestsLaunchTests.m in Sources */ = {isa = PBXBuildFile; fileRef = 587CB25F2A728CE100B04A99 /* ___KVOUITestsLaunchTests.m */; };
/* End PBXBuildFile section */

/* Begin PBXContainerItemProxy section */
		587CB2502A728CE100B04A99 /* PBXContainerItemProxy */ = {
			isa = PBXContainerItemProxy;
			containerPortal = 587CB22C2A728CDF00B04A99 /* Project object */;
			proxyType = 1;
			remoteGlobalIDString = 587CB2332A728CDF00B04A99;
			remoteInfo = "自定义KVO";
		};
		587CB25A2A728CE100B04A99 /* PBXContainerItemProxy */ = {
			isa = PBXContainerItemProxy;
			containerPortal = 587CB22C2A728CDF00B04A99 /* Project object */;
			proxyType = 1;
			remoteGlobalIDString = 587CB2332A728CDF00B04A99;
			remoteInfo = "自定义KVO";
		};
/* End PBXContainerItemProxy section */

/* Begin PBXFileReference section */
		587CB2342A728CDF00B04A99 /* 自定义KVO.app */ = {isa = PBXFileReference; explicitFileType = wrapper.application; includeInIndex = 0; path = "自定义KVO.app"; sourceTree = BUILT_PRODUCTS_DIR; };
		587CB2372A728CDF00B04A99 /* AppDelegate.h */ = {isa = PBXFileReference; lastKnownFileType = sourcecode.c.h; path = AppDelegate.h; sourceTree = "<group>"; };
		587CB2382A728CDF00B04A99 /* AppDelegate.m */ = {isa = PBXFileReference; lastKnownFileType = sourcecode.c.objc; path = AppDelegate.m; sourceTree = "<group>"; };
		587CB23A2A728CDF00B04A99 /* SceneDelegate.h */ = {isa = PBXFileReference; lastKnownFileType = sourcecode.c.h; path = SceneDelegate.h; sourceTree = "<group>"; };
		587CB23B2A728CDF00B04A99 /* SceneDelegate.m */ = {isa = PBXFileReference; lastKnownFileType = sourcecode.c.objc; path = SceneDelegate.m; sourceTree = "<group>"; };
		587CB23D2A728CDF00B04A99 /* ViewController.h */ = {isa = PBXFileReference; lastKnownFileType = sourcecode.c.h; path = ViewController.h; sourceTree = "<group>"; };
		587CB23E2A728CDF00B04A99 /* ViewController.m */ = {isa = PBXFileReference; lastKnownFileType = sourcecode.c.objc; path = ViewController.m; sourceTree = "<group>"; };
		587CB2412A728CDF00B04A99 /* Base */ = {isa = PBXFileReference; lastKnownFileType = file.storyboard; name = Base; path = Base.lproj/Main.storyboard; sourceTree = "<group>"; };
		587CB2432A728CE100B04A99 /* Assets.xcassets */ = {isa = PBXFileReference; lastKnownFileType = folder.assetcatalog; path = Assets.xcassets; sourceTree = "<group>"; };
		587CB2462A728CE100B04A99 /* Base */ = {isa = PBXFileReference; lastKnownFileType = file.storyboard; name = Base; path = Base.lproj/LaunchScreen.storyboard; sourceTree = "<group>"; };
		587CB2482A728CE100B04A99 /* Info.plist */ = {isa = PBXFileReference; lastKnownFileType = text.plist.xml; path = Info.plist; sourceTree = "<group>"; };
		587CB2492A728CE100B04A99 /* main.m */ = {isa = PBXFileReference; lastKnownFileType = sourcecode.c.objc; path = main.m; sourceTree = "<group>"; };
		587CB24F2A728CE100B04A99 /* 自定义KVOTests.xctest */ = {isa = PBXFileReference; explicitFileType = wrapper.cfbundle; includeInIndex = 0; path = "自定义KVOTests.xctest"; sourceTree = BUILT_PRODUCTS_DIR; };
		587CB2532A728CE100B04A99 /* ___KVOTests.m */ = {isa = PBXFileReference; lastKnownFileType = sourcecode.c.objc; path = "___KVOTests.m"; sourceTree = "<group>"; };
		587CB2592A728CE100B04A99 /* 自定义KVOUITests.xctest */ = {isa = PBXFileReference; explicitFileType = wrapper.cfbundle; includeInIndex = 0; path = "自定义KVOUITests.xctest"; sourceTree = BUILT_PRODUCTS_DIR; };
		587CB25D2A728CE100B04A99 /* ___KVOUITests.m */ = {isa = PBXFileReference; lastKnownFileType = sourcecode.c.objc; path = "___KVOUITests.m"; sourceTree = "<group>"; };
		587CB25F2A728CE100B04A99 /* ___KVOUITestsLaunchTests.m */ = {isa = PBXFileReference; lastKnownFileType = sourcecode.c.objc; path = "___KVOUITestsLaunchTests.m"; sourceTree = "<group>"; };
/* End PBXFileReference section */

/* Begin PBXFrameworksBuildPhase section */
		587CB2312A728CDF00B04A99 /* Frameworks */ = {
			isa = PBXFrameworksBuildPhase;
			buildActionMask = 2147483647;
			files = (
			);
			runOnlyForDeploymentPostprocessing = 0;
		};
		587CB24C2A728CE100B04A99 /* Frameworks */ = {
			isa = PBXFrameworksBuildPhase;
			buildActionMask = 2147483647;
			files = (
			);
			runOnlyForDeploymentPostprocessing = 0;
		};
		587CB2562A728CE100B04A99 /* Frameworks */ = {
			isa = PBXFrameworksBuildPhase;
			buildActionMask = 2147483647;
			files = (
			);
			runOnlyForDeploymentPostprocessing = 0;
		};
/* End PBXFrameworksBuildPhase section */

/* Begin PBXGroup section */
		587CB22B2A728CDF00B04A99 = {
			isa = PBXGroup;
			children = (
				587CB2362A728CDF00B04A99 /* 自定义KVO */,
				587CB2522A728CE100B04A99 /* 自定义KVOTests */,
				587CB25C2A728CE100B04A99 /* 自定义KVOUITests */,
				587CB2352A728CDF00B04A99 /* Products */,
			);
			sourceTree = "<group>";
		};
		587CB2352A728CDF00B04A99 /* Products */ = {
			isa = PBXGroup;
			children = (
				587CB2342A728CDF00B04A99 /* 自定义KVO.app */,
				587CB24F2A728CE100B04A99 /* 自定义KVOTests.xctest */,
				587CB2592A728CE100B04A99 /* 自定义KVOUITests.xctest */,
			);
			name = Products;
			sourceTree = "<group>";
		};
		587CB2362A728CDF00B04A99 /* 自定义KVO */ = {
			isa = PBXGroup;
			children = (
				587CB2372A728CDF00B04A99 /* AppDelegate.h */,
				587CB2382A728CDF00B04A99 /* AppDelegate.m */,
				587CB23A2A728CDF00B04A99 /* SceneDelegate.h */,
				587CB23B2A728CDF00B04A99 /* SceneDelegate.m */,
				587CB23D2A728CDF00B04A99 /* ViewController.h */,
				587CB23E2A728CDF00B04A99 /* ViewController.m */,
				587CB2402A728CDF00B04A99 /* Main.storyboard */,
				587CB2432A728CE100B04A99 /* Assets.xcassets */,
				587CB2452A728CE100B04A99 /* LaunchScreen.storyboard */,
				587CB2482A728CE100B04A99 /* Info.plist */,
				587CB2492A728CE100B04A99 /* main.m */,
			);
			path = "自定义KVO";
			sourceTree = "<group>";
		};
		587CB2522A728CE100B04A99 /* 自定义KVOTests */ = {
			isa = PBXGroup;
			children = (
				587CB2532A728CE100B04A99 /* ___KVOTests.m */,
			);
			path = "自定义KVOTests";
			sourceTree = "<group>";
		};
		587CB25C2A728CE100B04A99 /* 自定义KVOUITests */ = {
			isa = PBXGroup;
			children = (
				587CB25D2A728CE100B04A99 /* ___KVOUITests.m */,
				587CB25F2A728CE100B04A99 /* ___KVOUITestsLaunchTests.m */,
			);
			path = "自定义KVOUITests";
			sourceTree = "<group>";
		};
/* End PBXGroup section */

/* Begin PBXNativeTarget section */
		587CB2332A728CDF00B04A99 /* 自定义KVO */ = {
			isa = PBXNativeTarget;
			buildConfigurationList = 587CB2632A728CE100B04A99 /* Build configuration list for PBXNativeTarget "自定义KVO" */;
			buildPhases = (
				587CB2302A728CDF00B04A99 /* Sources */,
				587CB2312A728CDF00B04A99 /* Frameworks */,
				587CB2322A728CDF00B04A99 /* Resources */,
			);
			buildRules = (
			);
			dependencies = (
			);
			name = "自定义KVO";
			productName = "自定义KVO";
			productReference = 587CB2342A728CDF00B04A99 /* 自定义KVO.app */;
			productType = "com.apple.product-type.application";
		};
		587CB24E2A728CE100B04A99 /* 自定义KVOTests */ = {
			isa = PBXNativeTarget;
			buildConfigurationList = 587CB2662A728CE100B04A99 /* Build configuration list for PBXNativeTarget "自定义KVOTests" */;
			buildPhases = (
				587CB24B2A728CE100B04A99 /* Sources */,
				587CB24C2A728CE100B04A99 /* Frameworks */,
				587CB24D2A728CE100B04A99 /* Resources */,
			);
			buildRules = (
			);
			dependencies = (
				587CB2512A728CE100B04A99 /* PBXTargetDependency */,
			);
			name = "自定义KVOTests";
			productName = "自定义KVOTests";
			productReference = 587CB24F2A728CE100B04A99 /* 自定义KVOTests.xctest */;
			productType = "com.apple.product-type.bundle.unit-test";
		};
		587CB2582A728CE100B04A99 /* 自定义KVOUITests */ = {
			isa = PBXNativeTarget;
			buildConfigurationList = 587CB2692A728CE100B04A99 /* Build configuration list for PBXNativeTarget "自定义KVOUITests" */;
			buildPhases = (
				587CB2552A728CE100B04A99 /* Sources */,
				587CB2562A728CE100B04A99 /* Frameworks */,
				587CB2572A728CE100B04A99 /* Resources */,
			);
			buildRules = (
			);
			dependencies = (
				587CB25B2A728CE100B04A99 /* PBXTargetDependency */,
			);
			name = "自定义KVOUITests";
			productName = "自定义KVOUITests";
			productReference = 587CB2592A728CE100B04A99 /* 自定义KVOUITests.xctest */;
			productType = "com.apple.product-type.bundle.ui-testing";
		};
/* End PBXNativeTarget section */

/* Begin PBXProject section */
		587CB22C2A728CDF00B04A99 /* Project object */ = {
			isa = PBXProject;
			attributes = {
				BuildIndependentTargetsInParallel = 1;
				LastUpgradeCheck = 1410;
				TargetAttributes = {
					587CB2332A728CDF00B04A99 = {
						CreatedOnToolsVersion = 14.1;
					};
					587CB24E2A728CE100B04A99 = {
						CreatedOnToolsVersion = 14.1;
						TestTargetID = 587CB2332A728CDF00B04A99;
					};
					587CB2582A728CE100B04A99 = {
						CreatedOnToolsVersion = 14.1;
						TestTargetID = 587CB2332A728CDF00B04A99;
					};
				};
			};
			buildConfigurationList = 587CB22F2A728CDF00B04A99 /* Build configuration list for PBXProject "自定义KVO" */;
			compatibilityVersion = "Xcode 14.0";
			developmentRegion = en;
			hasScannedForEncodings = 0;
			knownRegions = (
				en,
				Base,
			);
			mainGroup = 587CB22B2A728CDF00B04A99;
			productRefGroup = 587CB2352A728CDF00B04A99 /* Products */;
			projectDirPath = "";
			projectRoot = "";
			targets = (
				587CB2332A728CDF00B04A99 /* 自定义KVO */,
				587CB24E2A728CE100B04A99 /* 自定义KVOTests */,
				587CB2582A728CE100B04A99 /* 自定义KVOUITests */,
			);
		};
/* End PBXProject section */

/* Begin PBXResourcesBuildPhase section */
		587CB2322A728CDF00B04A99 /* Resources */ = {
			isa = PBXResourcesBuildPhase;
			buildActionMask = 2147483647;
			files = (
				587CB2472A728CE100B04A99 /* LaunchScreen.storyboard in Resources */,
				587CB2442A728CE100B04A99 /* Assets.xcassets in Resources */,
				587CB2422A728CDF00B04A99 /* Main.storyboard in Resources */,
			);
			runOnlyForDeploymentPostprocessing = 0;
		};
		587CB24D2A728CE100B04A99 /* Resources */ = {
			isa = PBXResourcesBuildPhase;
			buildActionMask = 2147483647;
			files = (
			);
			runOnlyForDeploymentPostprocessing = 0;
		};
		587CB2572A728CE100B04A99 /* Resources */ = {
			isa = PBXResourcesBuildPhase;
			buildActionMask = 2147483647;
			files = (
			);
			runOnlyForDeploymentPostprocessing = 0;
		};
/* End PBXResourcesBuildPhase section */

/* Begin PBXSourcesBuildPhase section */
		587CB2302A728CDF00B04A99 /* Sources */ = {
			isa = PBXSourcesBuildPhase;
			buildActionMask = 2147483647;
			files = (
				587CB23F2A728CDF00B04A99 /* ViewController.m in Sources */,
				587CB2392A728CDF00B04A99 /* AppDelegate.m in Sources */,
				587CB24A2A728CE100B04A99 /* main.m in Sources */,
				587CB23C2A728CDF00B04A99 /* SceneDelegate.m in Sources */,
			);
			runOnlyForDeploymentPostprocessing = 0;
		};
		587CB24B2A728CE100B04A99 /* Sources */ = {
			isa = PBXSourcesBuildPhase;
			buildActionMask = 2147483647;
			files = (
				587CB2542A728CE100B04A99 /* ___KVOTests.m in Sources */,
			);
			runOnlyForDeploymentPostprocessing = 0;
		};
		587CB2552A728CE100B04A99 /* Sources */ = {
			isa = PBXSourcesBuildPhase;
			buildActionMask = 2147483647;
			files = (
				587CB25E2A728CE100B04A99 /* ___KVOUITests.m in Sources */,
				587CB2602A728CE100B04A99 /* ___KVOUITestsLaunchTests.m in Sources */,
			);
			runOnlyForDeploymentPostprocessing = 0;
		};
/* End PBXSourcesBuildPhase section */

/* Begin PBXTargetDependency section */
		587CB2512A728CE100B04A99 /* PBXTargetDependency */ = {
			isa = PBXTargetDependency;
			target = 587CB2332A728CDF00B04A99 /* 自定义KVO */;
			targetProxy = 587CB2502A728CE100B04A99 /* PBXContainerItemProxy */;
		};
		587CB25B2A728CE100B04A99 /* PBXTargetDependency */ = {
			isa = PBXTargetDependency;
			target = 587CB2332A728CDF00B04A99 /* 自定义KVO */;
			targetProxy = 587CB25A2A728CE100B04A99 /* PBXContainerItemProxy */;
		};
/* End PBXTargetDependency section */

/* Begin PBXVariantGroup section */
		587CB2402A728CDF00B04A99 /* Main.storyboard */ = {
			isa = PBXVariantGroup;
			children = (
				587CB2412A728CDF00B04A99 /* Base */,
			);
			name = Main.storyboard;
			sourceTree = "<group>";
		};
		587CB2452A728CE100B04A99 /* LaunchScreen.storyboard */ = {
			isa = PBXVariantGroup;
			children = (
				587CB2462A728CE100B04A99 /* Base */,
			);
			name = LaunchScreen.storyboard;
			sourceTree = "<group>";
		};
/* End PBXVariantGroup section */

/* Begin XCBuildConfiguration section */
		587CB2612A728CE100B04A99 /* Debug */ = {
			isa = XCBuildConfiguration;
			buildSettings = {
				ALWAYS_SEARCH_USER_PATHS = NO;
				CLANG_ANALYZER_NONNULL = YES;
				CLANG_ANALYZER_NUMBER_OBJECT_CONVERSION = YES_AGGRESSIVE;
				CLANG_CXX_LANGUAGE_STANDARD = "gnu++20";
				CLANG_ENABLE_MODULES = YES;
				CLANG_ENABLE_OBJC_ARC = YES;
				CLANG_ENABLE_OBJC_WEAK = YES;
				CLANG_WARN_BLOCK_CAPTURE_AUTORELEASING = YES;
				CLANG_WARN_BOOL_CONVERSION = YES;
				CLANG_WARN_COMMA = YES;
				CLANG_WARN_CONSTANT_CONVERSION = YES;
				CLANG_WARN_DEPRECATED_OBJC_IMPLEMENTATIONS = YES;
				CLANG_WARN_DIRECT_OBJC_ISA_USAGE = YES_ERROR;
				CLANG_WARN_DOCUMENTATION_COMMENTS = YES;
				CLANG_WARN_EMPTY_BODY = YES;
				CLANG_WARN_ENUM_CONVERSION = YES;
				CLANG_WARN_INFINITE_RECURSION = YES;
				CLANG_WARN_INT_CONVERSION = YES;
				CLANG_WARN_NON_LITERAL_NULL_CONVERSION = YES;
				CLANG_WARN_OBJC_IMPLICIT_RETAIN_SELF = YES;
				CLANG_WARN_OBJC_LITERAL_CONVERSION = YES;
				CLANG_WARN_OBJC_ROOT_CLASS = YES_ERROR;
				CLANG_WARN_QUOTED_INCLUDE_IN_FRAMEWORK_HEADER = YES;
				CLANG_WARN_RANGE_LOOP_ANALYSIS = YES;
				CLANG_WARN_STRICT_PROTOTYPES = YES;
				CLANG_WARN_SUSPICIOUS_MOVE = YES;
				CLANG_WARN_UNGUARDED_AVAILABILITY = YES_AGGRESSIVE;
				CLANG_WARN_UNREACHABLE_CODE = YES;
				CLANG_WARN__DUPLICATE_METHOD_MATCH = YES;
				COPY_PHASE_STRIP = NO;
				DEBUG_INFORMATION_FORMAT = dwarf;
				ENABLE_STRICT_OBJC_MSGSEND = YES;
				ENABLE_TESTABILITY = YES;
				GCC_C_LANGUAGE_STANDARD = gnu11;
				GCC_DYNAMIC_NO_PIC = NO;
				GCC_NO_COMMON_BLOCKS = YES;
				GCC_OPTIMIZATION_LEVEL = 0;
				GCC_PREPROCESSOR_DEFINITIONS = (
					"DEBUG=1",
					"$(inherited)",
				);
				GCC_WARN_64_TO_32_BIT_CONVERSION = YES;
				GCC_WARN_ABOUT_RETURN_TYPE = YES_ERROR;
				GCC_WARN_UNDECLARED_SELECTOR = YES;
				GCC_WARN_UNINITIALIZED_AUTOS = YES_AGGRESSIVE;
				GCC_WARN_UNUSED_FUNCTION = YES;
				GCC_WARN_UNUSED_VARIABLE = YES;
				IPHONEOS_DEPLOYMENT_TARGET = 16.1;
				MTL_ENABLE_DEBUG_INFO = INCLUDE_SOURCE;
				MTL_FAST_MATH = YES;
				ONLY_ACTIVE_ARCH = YES;
				SDKROOT = iphoneos;
			};
			name = Debug;
		};
		587CB2622A728CE100B04A99 /* Release */ = {
			isa = XCBuildConfiguration;
			buildSettings = {
				ALWAYS_SEARCH_USER_PATHS = NO;
				CLANG_ANALYZER_NONNULL = YES;
				CLANG_ANALYZER_NUMBER_OBJECT_CONVERSION = YES_AGGRESSIVE;
				CLANG_CXX_LANGUAGE_STANDARD = "gnu++20";
				CLANG_ENABLE_MODULES = YES;
				CLANG_ENABLE_OBJC_ARC = YES;
				CLANG_ENABLE_OBJC_WEAK = YES;
				CLANG_WARN_BLOCK_CAPTURE_AUTORELEASING = YES;
				CLANG_WARN_BOOL_CONVERSION = YES;
				CLANG_WARN_COMMA = YES;
				CLANG_WARN_CONSTANT_CONVERSION = YES;
				CLANG_WARN_DEPRECATED_OBJC_IMPLEMENTATIONS = YES;
				CLANG_WARN_DIRECT_OBJC_ISA_USAGE = YES_ERROR;
				CLANG_WARN_DOCUMENTATION_COMMENTS = YES;
				CLANG_WARN_EMPTY_BODY = YES;
				CLANG_WARN_ENUM_CONVERSION = YES;
				CLANG_WARN_INFINITE_RECURSION = YES;
				CLANG_WARN_INT_CONVERSION = YES;
				CLANG_WARN_NON_LITERAL_NULL_CONVERSION = YES;
				CLANG_WARN_OBJC_IMPLICIT_RETAIN_SELF = YES;
				CLANG_WARN_OBJC_LITERAL_CONVERSION = YES;
				CLANG_WARN_OBJC_ROOT_CLASS = YES_ERROR;
				CLANG_WARN_QUOTED_INCLUDE_IN_FRAMEWORK_HEADER = YES;
				CLANG_WARN_RANGE_LOOP_ANALYSIS = YES;
				CLANG_WARN_STRICT_PROTOTYPES = YES;
				CLANG_WARN_SUSPICIOUS_MOVE = YES;
				CLANG_WARN_UNGUARDED_AVAILABILITY = YES_AGGRESSIVE;
				CLANG_WARN_UNREACHABLE_CODE = YES;
				CLANG_WARN__DUPLICATE_METHOD_MATCH = YES;
				COPY_PHASE_STRIP = NO;
				DEBUG_INFORMATION_FORMAT = "dwarf-with-dsym";
				ENABLE_NS_ASSERTIONS = NO;
				ENABLE_STRICT_OBJC_MSGSEND = YES;
				GCC_C_LANGUAGE_STANDARD = gnu11;
				GCC_NO_COMMON_BLOCKS = YES;
				GCC_WARN_64_TO_32_BIT_CONVERSION = YES;
				GCC_WARN_ABOUT_RETURN_TYPE = YES_ERROR;
				GCC_WARN_UNDECLARED_SELECTOR = YES;
				GCC_WARN_UNINITIALIZED_AUTOS = YES_AGGRESSIVE;
				GCC_WARN_UNUSED_FUNCTION = YES;
				GCC_WARN_UNUSED_VARIABLE = YES;
				IPHONEOS_DEPLOYMENT_TARGET = 16.1;
				MTL_ENABLE_DEBUG_INFO = NO;
				MTL_FAST_MATH = YES;
				SDKROOT = iphoneos;
				VALIDATE_PRODUCT = YES;
			};
			name = Release;
		};
		587CB2642A728CE100B04A99 /* Debug */ = {
			isa = XCBuildConfiguration;
			buildSettings = {
				ASSETCATALOG_COMPILER_APPICON_NAME = AppIcon;
				ASSETCATALOG_COMPILER_GLOBAL_ACCENT_COLOR_NAME = AccentColor;
				CODE_SIGN_STYLE = Automatic;
				CURRENT_PROJECT_VERSION = 1;
				DEVELOPMENT_TEAM = 2K97J7XJC7;
				GENERATE_INFOPLIST_FILE = YES;
				INFOPLIST_FILE = "自定义KVO/Info.plist";
				INFOPLIST_KEY_UIApplicationSupportsIndirectInputEvents = YES;
				INFOPLIST_KEY_UILaunchStoryboardName = LaunchScreen;
				INFOPLIST_KEY_UIMainStoryboardFile = Main;
				INFOPLIST_KEY_UISupportedInterfaceOrientations_iPad = "UIInterfaceOrientationPortrait UIInterfaceOrientationPortraitUpsideDown UIInterfaceOrientationLandscapeLeft UIInterfaceOrientationLandscapeRight";
				INFOPLIST_KEY_UISupportedInterfaceOrientations_iPhone = "UIInterfaceOrientationPortrait UIInterfaceOrientationLandscapeLeft UIInterfaceOrientationLandscapeRight";
				LD_RUNPATH_SEARCH_PATHS = (
					"$(inherited)",
					"@executable_path/Frameworks",
				);
				MARKETING_VERSION = 1.0;
				PRODUCT_BUNDLE_IDENTIFIER = "-.---KVO";
				PRODUCT_NAME = "$(TARGET_NAME)";
				SWIFT_EMIT_LOC_STRINGS = YES;
				TARGETED_DEVICE_FAMILY = "1,2";
			};
			name = Debug;
		};
		587CB2652A728CE100B04A99 /* Release */ = {
			isa = XCBuildConfiguration;
			buildSettings = {
				ASSETCATALOG_COMPILER_APPICON_NAME = AppIcon;
				ASSETCATALOG_COMPILER_GLOBAL_ACCENT_COLOR_NAME = AccentColor;
				CODE_SIGN_STYLE = Automatic;
				CURRENT_PROJECT_VERSION = 1;
				DEVELOPMENT_TEAM = 2K97J7XJC7;
				GENERATE_INFOPLIST_FILE = YES;
				INFOPLIST_FILE = "自定义KVO/Info.plist";
				INFOPLIST_KEY_UIApplicationSupportsIndirectInputEvents = YES;
				INFOPLIST_KEY_UILaunchStoryboardName = LaunchScreen;
				INFOPLIST_KEY_UIMainStoryboardFile = Main;
				INFOPLIST_KEY_UISupportedInterfaceOrientations_iPad = "UIInterfaceOrientationPortrait UIInterfaceOrientationPortraitUpsideDown UIInterfaceOrientationLandscapeLeft UIInterfaceOrientationLandscapeRight";
				INFOPLIST_KEY_UISupportedInterfaceOrientations_iPhone = "UIInterfaceOrientationPortrait UIInterfaceOrientationLandscapeLeft UIInterfaceOrientationLandscapeRight";
				LD_RUNPATH_SEARCH_PATHS = (
					"$(inherited)",
					"@executable_path/Frameworks",
				);
				MARKETING_VERSION = 1.0;
				PRODUCT_BUNDLE_IDENTIFIER = "-.---KVO";
				PRODUCT_NAME = "$(TARGET_NAME)";
				SWIFT_EMIT_LOC_STRINGS = YES;
				TARGETED_DEVICE_FAMILY = "1,2";
			};
			name = Release;
		};
		587CB2672A728CE100B04A99 /* Debug */ = {
			isa = XCBuildConfiguration;
			buildSettings = {
				BUNDLE_LOADER = "$(TEST_HOST)";
				CODE_SIGN_STYLE = Automatic;
				CURRENT_PROJECT_VERSION = 1;
				DEVELOPMENT_TEAM = 2K97J7XJC7;
				GENERATE_INFOPLIST_FILE = YES;
				IPHONEOS_DEPLOYMENT_TARGET = 16.1;
				MARKETING_VERSION = 1.0;
				PRODUCT_BUNDLE_IDENTIFIER = "-.---KVOTests";
				PRODUCT_NAME = "$(TARGET_NAME)";
				SWIFT_EMIT_LOC_STRINGS = NO;
				TARGETED_DEVICE_FAMILY = "1,2";
				TEST_HOST = "$(BUILT_PRODUCTS_DIR)/自定义KVO.app/$(BUNDLE_EXECUTABLE_FOLDER_PATH)/自定义KVO";
			};
			name = Debug;
		};
		587CB2682A728CE100B04A99 /* Release */ = {
			isa = XCBuildConfiguration;
			buildSettings = {
				BUNDLE_LOADER = "$(TEST_HOST)";
				CODE_SIGN_STYLE = Automatic;
				CURRENT_PROJECT_VERSION = 1;
				DEVELOPMENT_TEAM = 2K97J7XJC7;
				GENERATE_INFOPLIST_FILE = YES;
				IPHONEOS_DEPLOYMENT_TARGET = 16.1;
				MARKETING_VERSION = 1.0;
				PRODUCT_BUNDLE_IDENTIFIER = "-.---KVOTests";
				PRODUCT_NAME = "$(TARGET_NAME)";
				SWIFT_EMIT_LOC_STRINGS = NO;
				TARGETED_DEVICE_FAMILY = "1,2";
				TEST_HOST = "$(BUILT_PRODUCTS_DIR)/自定义KVO.app/$(BUNDLE_EXECUTABLE_FOLDER_PATH)/自定义KVO";
			};
			name = Release;
		};
		587CB26A2A728CE100B04A99 /* Debug */ = {
			isa = XCBuildConfiguration;
			buildSettings = {
				CODE_SIGN_STYLE = Automatic;
				CURRENT_PROJECT_VERSION = 1;
				DEVELOPMENT_TEAM = 2K97J7XJC7;
				GENERATE_INFOPLIST_FILE = YES;
				MARKETING_VERSION = 1.0;
				PRODUCT_BUNDLE_IDENTIFIER = "-.---KVOUITests";
				PRODUCT_NAME = "$(TARGET_NAME)";
				SWIFT_EMIT_LOC_STRINGS = NO;
				TARGETED_DEVICE_FAMILY = "1,2";
				TEST_TARGET_NAME = "自定义KVO";
			};
			name = Debug;
		};
		587CB26B2A728CE100B04A99 /* Release */ = {
			isa = XCBuildConfiguration;
			buildSettings = {
				CODE_SIGN_STYLE = Automatic;
				CURRENT_PROJECT_VERSION = 1;
				DEVELOPMENT_TEAM = 2K97J7XJC7;
				GENERATE_INFOPLIST_FILE = YES;
				MARKETING_VERSION = 1.0;
				PRODUCT_BUNDLE_IDENTIFIER = "-.---KVOUITests";
				PRODUCT_NAME = "$(TARGET_NAME)";
				SWIFT_EMIT_LOC_STRINGS = NO;
				TARGETED_DEVICE_FAMILY = "1,2";
				TEST_TARGET_NAME = "自定义KVO";
			};
			name = Release;
		};
/* End XCBuildConfiguration section */

/* Begin XCConfigurationList section */
		587CB22F2A728CDF00B04A99 /* Build configuration list for PBXProject "自定义KVO" */ = {
			isa = XCConfigurationList;
			buildConfigurations = (
				587CB2612A728CE100B04A99 /* Debug */,
				587CB2622A728CE100B04A99 /* Release */,
			);
			defaultConfigurationIsVisible = 0;
			defaultConfigurationName = Release;
		};
		587CB2632A728CE100B04A99 /* Build configuration list for PBXNativeTarget "自定义KVO" */ = {
			isa = XCConfigurationList;
			buildConfigurations = (
				587CB2642A728CE100B04A99 /* Debug */,
				587CB2652A728CE100B04A99 /* Release */,
			);
			defaultConfigurationIsVisible = 0;
			defaultConfigurationName = Release;
		};
		587CB2662A728CE100B04A99 /* Build configuration list for PBXNativeTarget "自定义KVOTests" */ = {
			isa = XCConfigurationList;
			buildConfigurations = (
				587CB2672A728CE100B04A99 /* Debug */,
				587CB2682A728CE100B04A99 /* Release */,
			);
			defaultConfigurationIsVisible = 0;
			defaultConfigurationName = Release;
		};
		587CB2692A728CE100B04A99 /* Build configuration list for PBXNativeTarget "自定义KVOUITests" */ = {
			isa = XCConfigurationList;
			buildConfigurations = (
				587CB26A2A728CE100B04A99 /* Debug */,
				587CB26B2A728CE100B04A99 /* Release */,
			);
			defaultConfigurationIsVisible = 0;
			defaultConfigurationName = Release;
		};
/* End XCConfigurationList section */
	};
	rootObject = 587CB22C2A728CDF00B04A99 /* Project object */;
}
